
Microsoft Visual Studio Solution File, Format Version 12.00
# Visual Studio 15
Project("{FAE04EC0-301F-11D3-BF4B-00C04F79EFBC}") = "Assembly-CSharp", "Assembly-CSharp.csproj", "{FFFCA9E5-C5CD-50A2-8547-76008C80CBB0}"
EndProject
Global
	GlobalSection(SolutionConfigurationPlatforms) = preSolution
		Debug|Any CPU = Debug|Any CPU
		Release|Any CPU = Release|Any CPU
	EndGlobalSection
	GlobalSection(ProjectConfigurationPlatforms) = postSolution
		{FFFCA9E5-C5CD-50A2-8547-76008C80CBB0}.Debug|Any CPU.ActiveCfg = Debug|Any CPU
		{FFFCA9E5-C5CD-50A2-8547-76008C80CBB0}.Debug|Any CPU.Build.0 = Debug|Any CPU
		{FFFCA9E5-C5CD-50A2-8547-76008C80CBB0}.Release|Any CPU.ActiveCfg = Release|Any CPU
		{FFFCA9E5-C5CD-50A2-8547-76008C80CBB0}.Release|Any CPU.Build.0 = Release|Any CPU
	EndGlobalSection
	GlobalSection(SolutionProperties) = preSolution
		HideSolutionNode = FALSE
	EndGlobalSection
EndGlobal
